
Microsoft Visual Studio Solution File, Format Version 12.00
# Visual Studio Version 17
VisualStudioVersion = 17.5.002.0
MinimumVisualStudioVersion = 10.0.40219.1
Project("{9A19103F-16F7-4668-BE54-9A1E7A4F7556}") = "punto1", "Calendario\punto1.csproj", "{5A5BB9C3-55BD-4CA4-8EE0-690C4BC8AFEF}"
EndProject
Project("{9A19103F-16F7-4668-BE54-9A1E7A4F7556}") = "punto3", "Dias de la semana\punto3.csproj", "{30794F57-FC19-4A93-A529-F418E33C3913}"
EndProject
Project("{9A19103F-16F7-4668-BE54-9A1E7A4F7556}") = "punto2", "Seleccion de idioma\punto2.csproj", "{E190F404-A23D-4EE8-893A-D7FD5F2E21E6}"
EndProject
Global
	GlobalSection(SolutionConfigurationPlatforms) = preSolution
		Debug|Any CPU = Debug|Any CPU
		Release|Any CPU = Release|Any CPU
	EndGlobalSection
	GlobalSection(ProjectConfigurationPlatforms) = postSolution
		{5A5BB9C3-55BD-4CA4-8EE0-690C4BC8AFEF}.Debug|Any CPU.ActiveCfg = Debug|Any CPU
		{5A5BB9C3-55BD-4CA4-8EE0-690C4BC8AFEF}.Debug|Any CPU.Build.0 = Debug|Any CPU
		{5A5BB9C3-55BD-4CA4-8EE0-690C4BC8AFEF}.Release|Any CPU.ActiveCfg = Release|Any CPU
		{5A5BB9C3-55BD-4CA4-8EE0-690C4BC8AFEF}.Release|Any CPU.Build.0 = Release|Any CPU
		{30794F57-FC19-4A93-A529-F418E33C3913}.Debug|Any CPU.ActiveCfg = Debug|Any CPU
		{30794F57-FC19-4A93-A529-F418E33C3913}.Debug|Any CPU.Build.0 = Debug|Any CPU
		{30794F57-FC19-4A93-A529-F418E33C3913}.Release|Any CPU.ActiveCfg = Release|Any CPU
		{30794F57-FC19-4A93-A529-F418E33C3913}.Release|Any CPU.Build.0 = Release|Any CPU
		{E190F404-A23D-4EE8-893A-D7FD5F2E21E6}.Debug|Any CPU.ActiveCfg = Debug|Any CPU
		{E190F404-A23D-4EE8-893A-D7FD5F2E21E6}.Debug|Any CPU.Build.0 = Debug|Any CPU
		{E190F404-A23D-4EE8-893A-D7FD5F2E21E6}.Release|Any CPU.ActiveCfg = Release|Any CPU
		{E190F404-A23D-4EE8-893A-D7FD5F2E21E6}.Release|Any CPU.Build.0 = Release|Any CPU
	EndGlobalSection
	GlobalSection(SolutionProperties) = preSolution
		HideSolutionNode = FALSE
	EndGlobalSection
	GlobalSection(ExtensibilityGlobals) = postSolution
		SolutionGuid = {7770F38D-5FC8-4A79-9A7F-4738B780AB4B}
	EndGlobalSection
EndGlobal
